
Microsoft Visual Studio Solution File, Format Version 12.00
# Visual Studio Version 17
VisualStudioVersion = 17.11.35303.130
MinimumVisualStudioVersion = 10.0.40219.1
Project("{8BC9CEB8-8B4A-11D0-8D11-00A0C91BC942}") = "ConsoleApplication1", "ConsoleApplication1.vcxproj", "{16D70BB6-030B-4CEF-B9BF-BC8866C5AAA9}"
EndProject
Global
	GlobalSection(SolutionConfigurationPlatforms) = preSolution
		Debug|x64 = Debug|x64
		Debug|x86 = Debug|x86
		Release|x64 = Release|x64
		Release|x86 = Release|x86
	EndGlobalSection
	GlobalSection(ProjectConfigurationPlatforms) = postSolution
		{16D70BB6-030B-4CEF-B9BF-BC8866C5AAA9}.Debug|x64.ActiveCfg = Debug|x64
		{16D70BB6-030B-4CEF-B9BF-BC8866C5AAA9}.Debug|x64.Build.0 = Debug|x64
		{16D70BB6-030B-4CEF-B9BF-BC8866C5AAA9}.Debug|x86.ActiveCfg = Debug|Win32
		{16D70BB6-030B-4CEF-B9BF-BC8866C5AAA9}.Debug|x86.Build.0 = Debug|Win32
		{16D70BB6-030B-4CEF-B9BF-BC8866C5AAA9}.Release|x64.ActiveCfg = Release|x64
		{16D70BB6-030B-4CEF-B9BF-BC8866C5AAA9}.Release|x64.Build.0 = Release|x64
		{16D70BB6-030B-4CEF-B9BF-BC8866C5AAA9}.Release|x86.ActiveCfg = Release|Win32
		{16D70BB6-030B-4CEF-B9BF-BC8866C5AAA9}.Release|x86.Build.0 = Release|Win32
	EndGlobalSection
	GlobalSection(SolutionProperties) = preSolution
		HideSolutionNode = FALSE
	EndGlobalSection
	GlobalSection(ExtensibilityGlobals) = postSolution
		SolutionGuid = {56D43863-5FD9-4E2F-90A2-936791992C7C}
	EndGlobalSection
EndGlobal
